
Microsoft Visual Studio Solution File, Format Version 12.00
# Visual Studio Version 17
VisualStudioVersion = 17.11.35327.3
MinimumVisualStudioVersion = 10.0.40219.1
Project("{FAE04EC0-301F-11D3-BF4B-00C04F79EFBC}") = "CadFarmacia", "CadFarmacia2024\CadFarmacia.csproj", "{50B657F3-3149-4B09-9897-CD2DBEB26832}"
EndProject
Project("{FAE04EC0-301F-11D3-BF4B-00C04F79EFBC}") = "ClnFarmacia", "ClnFarmacia2024\ClnFarmacia.csproj", "{FEEA03FD-ED6E-464D-99E7-9A245050D882}"
EndProject
Project("{FAE04EC0-301F-11D3-BF4B-00C04F79EFBC}") = "CpFarmacia", "CpFarmacia2024\CpFarmacia.csproj", "{AEE393EE-D18B-4C91-8AD2-9687A9355485}"
EndProject
Global
	GlobalSection(SolutionConfigurationPlatforms) = preSolution
		Debug|Any CPU = Debug|Any CPU
		Release|Any CPU = Release|Any CPU
	EndGlobalSection
	GlobalSection(ProjectConfigurationPlatforms) = postSolution
		{50B657F3-3149-4B09-9897-CD2DBEB26832}.Debug|Any CPU.ActiveCfg = Debug|Any CPU
		{50B657F3-3149-4B09-9897-CD2DBEB26832}.Debug|Any CPU.Build.0 = Debug|Any CPU
		{50B657F3-3149-4B09-9897-CD2DBEB26832}.Release|Any CPU.ActiveCfg = Release|Any CPU
		{50B657F3-3149-4B09-9897-CD2DBEB26832}.Release|Any CPU.Build.0 = Release|Any CPU
		{FEEA03FD-ED6E-464D-99E7-9A245050D882}.Debug|Any CPU.ActiveCfg = Debug|Any CPU
		{FEEA03FD-ED6E-464D-99E7-9A245050D882}.Debug|Any CPU.Build.0 = Debug|Any CPU
		{FEEA03FD-ED6E-464D-99E7-9A245050D882}.Release|Any CPU.ActiveCfg = Release|Any CPU
		{FEEA03FD-ED6E-464D-99E7-9A245050D882}.Release|Any CPU.Build.0 = Release|Any CPU
		{AEE393EE-D18B-4C91-8AD2-9687A9355485}.Debug|Any CPU.ActiveCfg = Debug|Any CPU
		{AEE393EE-D18B-4C91-8AD2-9687A9355485}.Debug|Any CPU.Build.0 = Debug|Any CPU
		{AEE393EE-D18B-4C91-8AD2-9687A9355485}.Release|Any CPU.ActiveCfg = Release|Any CPU
		{AEE393EE-D18B-4C91-8AD2-9687A9355485}.Release|Any CPU.Build.0 = Release|Any CPU
	EndGlobalSection
	GlobalSection(SolutionProperties) = preSolution
		HideSolutionNode = FALSE
	EndGlobalSection
	GlobalSection(ExtensibilityGlobals) = postSolution
		SolutionGuid = {0E035EE3-E43D-4B0B-8AB4-3C6868AF7F16}
	EndGlobalSection
EndGlobal
